{
	"name": "@quinico/cardmake",
	"version": "0.2.1",
	"lockfileVersion": 1,
	"dependencies": {
		"commander": {
			"version": "2.19.0",
			"resolved": "https://registry.npmjs.org/commander/-/commander-2.19.0.tgz",
			"integrity": "sha512-6tvAOO+D6OENvRAh524Dh9jcfKTYDQAqvqezbCW82xj5X0pSrcpxtvRKHLG0yBY6SD7PSDrJaj+0AiOcKVd1Xg=="
		},
		"file-type": {
			"version": "4.4.0",
			"resolved": "https://registry.npmjs.org/file-type/-/file-type-4.4.0.tgz",
			"integrity": "sha1-G2AOX8ofvcboDApwxxyNul95BsU="
		},
		"image-type": {
			"version": "3.0.0",
			"resolved": "https://registry.npmjs.org/image-type/-/image-type-3.0.0.tgz",
			"integrity": "sha1-FQKvMTX5BuEiyHfDHpSve3qRRsU="
		},
		"linebreak": {
			"version": "0.1.2",
			"resolved": "https://registry.npmjs.org/linebreak/-/linebreak-0.1.2.tgz",
			"integrity": "sha1-Z+8ttKRpiQLofrqaDuT4SQqnF+Y="
		},
		"pdfkit": {
			"version": "0.7.2",
			"resolved": "https://registry.npmjs.org/pdfkit/-/pdfkit-0.7.2.tgz",
			"integrity": "sha1-puZ1EuVvbeK917YziPRhtHuqjJc="
		},
		"pify": {
			"version": "3.0.0",
			"resolved": "https://registry.npmjs.org/pify/-/pify-3.0.0.tgz",
			"integrity": "sha1-5aSs0sEB/fPZpNB/DbxNtJ3SgXY="
		},
		"png-js": {
			"version": "0.1.1",
			"resolved": "https://registry.npmjs.org/png-js/-/png-js-0.1.1.tgz",
			"integrity": "sha1-HMfCEjA6yr50Jj7DrHgAlYAkLZM="
		},
		"read-chunk": {
			"version": "2.1.0",
			"resolved": "https://registry.npmjs.org/read-chunk/-/read-chunk-2.1.0.tgz",
			"integrity": "sha1-agTAkoAF7Z1C4aasVgDhnLx/9lU="
		},
		"safe-buffer": {
			"version": "5.1.1",
			"resolved": "https://registry.npmjs.org/safe-buffer/-/safe-buffer-5.1.1.tgz",
			"integrity": "sha512-kKvNJn6Mm93gAczWVJg7wH+wGYWNrDHdWvpUmHyEsgCtIwwo3bqPtV4tR5tuPaUhTOo/kvhVwd8XwwOllGYkbg=="
		},
		"unicode-trie": {
			"version": "0.1.2",
			"resolved": "https://registry.npmjs.org/unicode-trie/-/unicode-trie-0.1.2.tgz",
			"integrity": "sha1-vTxSi8M2DK/fcfCGPL7Cn8DoTsg="
		}
	}
}
