{
	"name": "cardmake",
	"version": "0.1.0",
	"lockfileVersion": 1,
	"dependencies": {
		"linebreak": {
			"version": "0.1.2",
			"resolved": "https://registry.npmjs.org/linebreak/-/linebreak-0.1.2.tgz",
			"integrity": "sha1-Z+8ttKRpiQLofrqaDuT4SQqnF+Y="
		},
		"pdfkit": {
			"version": "0.7.2",
			"resolved": "https://registry.npmjs.org/pdfkit/-/pdfkit-0.7.2.tgz",
			"integrity": "sha1-puZ1EuVvbeK917YziPRhtHuqjJc="
		},
		"png-js": {
			"version": "0.1.1",
			"resolved": "https://registry.npmjs.org/png-js/-/png-js-0.1.1.tgz",
			"integrity": "sha1-HMfCEjA6yr50Jj7DrHgAlYAkLZM="
		},
		"unicode-trie": {
			"version": "0.1.2",
			"resolved": "https://registry.npmjs.org/unicode-trie/-/unicode-trie-0.1.2.tgz",
			"integrity": "sha1-vTxSi8M2DK/fcfCGPL7Cn8DoTsg="
		}
	}
}
